// !$*UTF8*$!
{
	archiveVersion = 1;
	classes = {
	};
	objectVersion = 77;
	objects = {

/* Begin PBXContainerItemProxy section */
		AABBCC062F3D39560045FEBD /* PBXContainerItemProxy */ = {
			isa = PBXContainerItemProxy;
			containerPortal = 7FCA46A82F3D39560045FEBD /* Project object */;
			proxyType = 1;
			remoteGlobalIDString = 7FCA46AF2F3D39560045FEBD;
			remoteInfo = "TS-890 Pro";
		};
		CCDDEE062F3D39560045FEBD /* PBXContainerItemProxy */ = {
			isa = PBXContainerItemProxy;
			containerPortal = 7FCA46A82F3D39560045FEBD /* Project object */;
			proxyType = 1;
			remoteGlobalIDString = 7FCA46AF2F3D39560045FEBD;
			remoteInfo = "TS-890 Pro";
		};
/* End PBXContainerItemProxy section */

/* Begin PBXFileReference section */
		7FCA46B02F3D39560045FEBD /* TS-890 Pro.app */ = {isa = PBXFileReference; explicitFileType = wrapper.application; includeInIndex = 0; path = "TS-890 Pro.app"; sourceTree = BUILT_PRODUCTS_DIR; };
		AABBCC012F3D39560045FEBD /* TS-890 ProTests.xctest */ = {isa = PBXFileReference; explicitFileType = wrapper.cfbundle; includeInIndex = 0; path = "TS-890 ProTests.xctest"; sourceTree = BUILT_PRODUCTS_DIR; };
		CCDDEE012F3D39560045FEBD /* TS-890 ProUITests.xctest */ = {isa = PBXFileReference; explicitFileType = wrapper.cfbundle; includeInIndex = 0; path = "TS-890 ProUITests.xctest"; sourceTree = BUILT_PRODUCTS_DIR; };
/* End PBXFileReference section */

/* Begin PBXFileSystemSynchronizedBuildFileExceptionSet section */
		A1FT8B01B2C3D4E5F6789001 /* ft8_lib exclusions */ = {
			isa = PBXFileSystemSynchronizedBuildFileExceptionSet;
			membershipExceptions = (
				ft8_lib/common/audio.c,
				ft8_lib/demo/decode_ft8.c,
				ft8_lib/demo/gen_ft8.c,
				ft8_lib/test/test.c,
				ft8_lib/test/wav,
				ft8_lib/LICENSE,
				ft8_lib/README.md,
				ft8_lib/Makefile,
				ft8_lib/.clang-format,
				ft8_lib/.gitignore,
				ft8_lib/utils/convert_generator.py,
				ft8_lib/utils/decode.py,
				ft8_lib/utils/ldpc.py,
				ft8_lib/utils/run_tests.py,
				ft8_lib/ft4_ft8_public/Makefile,
				ft8_lib/ft4_ft8_public/free_text_to_f71.f90,
				ft8_lib/ft4_ft8_public/gen_crc14.f90,
				ft8_lib/ft4_ft8_public/grid4_to_g15.f90,
				ft8_lib/ft4_ft8_public/grid6_to_g25.f90,
				ft8_lib/ft4_ft8_public/hashcodes.f90,
				ft8_lib/ft4_ft8_public/nonstd_to_c58.f90,
				ft8_lib/ft4_ft8_public/std_call_to_c28.f90,
				rnnoise/LICENSE,
				rnnoise/README.md,
				rnnoise/src/compile.sh,
				rnnoise/src/rnn_train.py,
			);
			target = 7FCA46AF2F3D39560045FEBD /* TS-890 Pro */;
		};
/* End PBXFileSystemSynchronizedBuildFileExceptionSet section */

/* Begin PBXFileSystemSynchronizedRootGroup section */
		7FCA46B22F3D39560045FEBD /* TS-890 Pro */ = {
			isa = PBXFileSystemSynchronizedRootGroup;
			path = "Kenwood control";
			sourceTree = "<group>";
		};
		944F4A1F3F28484AA2A8202A /* ThirdParty */ = {
			isa = PBXFileSystemSynchronizedRootGroup;
			exceptions = (
				A1FT8B01B2C3D4E5F6789001 /* ft8_lib exclusions */,
			);
			path = ThirdParty;
			sourceTree = "<group>";
		};
		AABBCC022F3D39560045FEBD /* TS-890 ProTests */ = {
			isa = PBXFileSystemSynchronizedRootGroup;
			path = "Kenwood controlTests";
			sourceTree = "<group>";
		};
		CCDDEE022F3D39560045FEBD /* TS-890 ProUITests */ = {
			isa = PBXFileSystemSynchronizedRootGroup;
			path = "Kenwood controlUITests";
			sourceTree = "<group>";
		};
/* End PBXFileSystemSynchronizedRootGroup section */

/* Begin PBXFrameworksBuildPhase section */
		7FCA46AD2F3D39560045FEBD /* Frameworks */ = {
			isa = PBXFrameworksBuildPhase;
			buildActionMask = 2147483647;
			files = (
			);
			runOnlyForDeploymentPostprocessing = 0;
		};
		AABBCC032F3D39560045FEBD /* Frameworks */ = {
			isa = PBXFrameworksBuildPhase;
			buildActionMask = 2147483647;
			files = (
			);
			runOnlyForDeploymentPostprocessing = 0;
		};
		CCDDEE032F3D39560045FEBD /* Frameworks */ = {
			isa = PBXFrameworksBuildPhase;
			buildActionMask = 2147483647;
			files = (
			);
			runOnlyForDeploymentPostprocessing = 0;
		};
/* End PBXFrameworksBuildPhase section */

/* Begin PBXGroup section */
		7FCA46A72F3D39560045FEBD = {
			isa = PBXGroup;
			children = (
				7FCA46B22F3D39560045FEBD /* TS-890 Pro */,
				944F4A1F3F28484AA2A8202A /* ThirdParty */,
				AABBCC022F3D39560045FEBD /* TS-890 ProTests */,
				CCDDEE022F3D39560045FEBD /* TS-890 ProUITests */,
				7FCA46B12F3D39560045FEBD /* Products */,
			);
			sourceTree = "<group>";
		};
		7FCA46B12F3D39560045FEBD /* Products */ = {
			isa = PBXGroup;
			children = (
				7FCA46B02F3D39560045FEBD /* TS-890 Pro.app */,
				AABBCC012F3D39560045FEBD /* TS-890 ProTests.xctest */,
				CCDDEE012F3D39560045FEBD /* TS-890 ProUITests.xctest */,
			);
			name = Products;
			sourceTree = "<group>";
		};
/* End PBXGroup section */

/* Begin PBXNativeTarget section */
		7FCA46AF2F3D39560045FEBD /* TS-890 Pro */ = {
			isa = PBXNativeTarget;
			buildConfigurationList = 7FCA46BB2F3D39570045FEBD /* Build configuration list for PBXNativeTarget "Kenwood control" */;
			buildPhases = (
				7FCA46AC2F3D39560045FEBD /* Sources */,
				7FCA46AD2F3D39560045FEBD /* Frameworks */,
				7FCA46AE2F3D39560045FEBD /* Resources */,
			);
			buildRules = (
			);
			dependencies = (
			);
			fileSystemSynchronizedGroups = (
				7FCA46B22F3D39560045FEBD /* TS-890 Pro */,
				944F4A1F3F28484AA2A8202A /* ThirdParty */,
			);
			name = "TS-890 Pro";
			packageProductDependencies = (
			);
			productName = "TS-890 Pro";
			productReference = 7FCA46B02F3D39560045FEBD /* TS-890 Pro.app */;
			productType = "com.apple.product-type.application";
		};
		AABBCC052F3D39560045FEBD /* TS-890 ProTests */ = {
			isa = PBXNativeTarget;
			buildConfigurationList = AABBCC0A2F3D39570045FEBD /* Build configuration list for PBXNativeTarget "Kenwood controlTests" */;
			buildPhases = (
				AABBCC042F3D39560045FEBD /* Sources */,
				AABBCC032F3D39560045FEBD /* Frameworks */,
			);
			buildRules = (
			);
			dependencies = (
				AABBCC072F3D39560045FEBD /* PBXTargetDependency */,
			);
			fileSystemSynchronizedGroups = (
				AABBCC022F3D39560045FEBD /* TS-890 ProTests */,
			);
			name = "TS-890 ProTests";
			productName = "TS-890 ProTests";
			productReference = AABBCC012F3D39560045FEBD /* TS-890 ProTests.xctest */;
			productType = "com.apple.product-type.bundle.unit-test";
		};
		CCDDEE052F3D39560045FEBD /* TS-890 ProUITests */ = {
			isa = PBXNativeTarget;
			buildConfigurationList = CCDDEE0A2F3D39570045FEBD /* Build configuration list for PBXNativeTarget "Kenwood controlUITests" */;
			buildPhases = (
				CCDDEE042F3D39560045FEBD /* Sources */,
				CCDDEE032F3D39560045FEBD /* Frameworks */,
			);
			buildRules = (
			);
			dependencies = (
				CCDDEE072F3D39560045FEBD /* PBXTargetDependency */,
			);
			fileSystemSynchronizedGroups = (
				CCDDEE022F3D39560045FEBD /* TS-890 ProUITests */,
			);
			name = "TS-890 ProUITests";
			productName = "TS-890 ProUITests";
			productReference = CCDDEE012F3D39560045FEBD /* TS-890 ProUITests.xctest */;
			productType = "com.apple.product-type.bundle.ui-testing";
		};
/* End PBXNativeTarget section */

/* Begin PBXProject section */
		7FCA46A82F3D39560045FEBD /* Project object */ = {
			isa = PBXProject;
			attributes = {
				BuildIndependentTargetsInParallel = 1;
				LastSwiftUpdateCheck = 2630;
				LastUpgradeCheck = 2630;
				TargetAttributes = {
					7FCA46AF2F3D39560045FEBD = {
						CreatedOnToolsVersion = 26.3;
					};
					AABBCC052F3D39560045FEBD = {
						CreatedOnToolsVersion = 26.3;
						TestTargetID = 7FCA46AF2F3D39560045FEBD;
					};
					CCDDEE052F3D39560045FEBD = {
						CreatedOnToolsVersion = 26.3;
						TestTargetID = 7FCA46AF2F3D39560045FEBD;
					};
				};
			};
			buildConfigurationList = 7FCA46AB2F3D39560045FEBD /* Build configuration list for PBXProject "Kenwood control" */;
			developmentRegion = en;
			hasScannedForEncodings = 0;
			knownRegions = (
				en,
				Base,
			);
			mainGroup = 7FCA46A72F3D39560045FEBD;
			minimizedProjectReferenceProxies = 1;
			preferredProjectObjectVersion = 77;
			productRefGroup = 7FCA46B12F3D39560045FEBD /* Products */;
			projectDirPath = "";
			projectRoot = "";
			targets = (
				7FCA46AF2F3D39560045FEBD /* TS-890 Pro */,
				AABBCC052F3D39560045FEBD /* TS-890 ProTests */,
				CCDDEE052F3D39560045FEBD /* TS-890 ProUITests */,
			);
		};
/* End PBXProject section */

/* Begin PBXResourcesBuildPhase section */
		7FCA46AE2F3D39560045FEBD /* Resources */ = {
			isa = PBXResourcesBuildPhase;
			buildActionMask = 2147483647;
			files = (
			);
			runOnlyForDeploymentPostprocessing = 0;
		};
/* End PBXResourcesBuildPhase section */

/* Begin PBXShellScriptBuildPhase section */
		7FCA46BF2F3D39560045FEBE /* Build RNNoise */ = {
			isa = PBXShellScriptBuildPhase;
			buildActionMask = 2147483647;
			files = (
			);
			inputPaths = (
			);
			name = "Build RNNoise";
			outputPaths = (
			);
			runOnlyForDeploymentPostprocessing = 0;
			shellPath = "/bin/sh";
			shellScript = "bash \"$PROJECT_DIR/scripts/build_rnnoise_macos.sh\"";
		};
/* End PBXShellScriptBuildPhase section */

/* Begin PBXSourcesBuildPhase section */
		7FCA46AC2F3D39560045FEBD /* Sources */ = {
			isa = PBXSourcesBuildPhase;
			buildActionMask = 2147483647;
			files = (
			);
			runOnlyForDeploymentPostprocessing = 0;
		};
		AABBCC042F3D39560045FEBD /* Sources */ = {
			isa = PBXSourcesBuildPhase;
			buildActionMask = 2147483647;
			files = (
			);
			runOnlyForDeploymentPostprocessing = 0;
		};
		CCDDEE042F3D39560045FEBD /* Sources */ = {
			isa = PBXSourcesBuildPhase;
			buildActionMask = 2147483647;
			files = (
			);
			runOnlyForDeploymentPostprocessing = 0;
		};
/* End PBXSourcesBuildPhase section */

/* Begin PBXTargetDependency section */
		AABBCC072F3D39560045FEBD /* PBXTargetDependency */ = {
			isa = PBXTargetDependency;
			target = 7FCA46AF2F3D39560045FEBD /* TS-890 Pro */;
			targetProxy = AABBCC062F3D39560045FEBD /* PBXContainerItemProxy */;
		};
		CCDDEE072F3D39560045FEBD /* PBXTargetDependency */ = {
			isa = PBXTargetDependency;
			target = 7FCA46AF2F3D39560045FEBD /* TS-890 Pro */;
			targetProxy = CCDDEE062F3D39560045FEBD /* PBXContainerItemProxy */;
		};
/* End PBXTargetDependency section */

/* Begin XCBuildConfiguration section */
		7FCA46B92F3D39570045FEBD /* Debug */ = {
			isa = XCBuildConfiguration;
			buildSettings = {
				ALWAYS_SEARCH_USER_PATHS = NO;
				ASSETCATALOG_COMPILER_GENERATE_SWIFT_ASSET_SYMBOL_EXTENSIONS = YES;
				CLANG_ANALYZER_NONNULL = YES;
				CLANG_ANALYZER_NUMBER_OBJECT_CONVERSION = YES_AGGRESSIVE;
				CLANG_CXX_LANGUAGE_STANDARD = "gnu++20";
				CLANG_ENABLE_MODULES = YES;
				CLANG_ENABLE_OBJC_ARC = YES;
				CLANG_ENABLE_OBJC_WEAK = YES;
				CLANG_WARN_BLOCK_CAPTURE_AUTORELEASING = YES;
				CLANG_WARN_BOOL_CONVERSION = YES;
				CLANG_WARN_COMMA = YES;
				CLANG_WARN_CONSTANT_CONVERSION = YES;
				CLANG_WARN_DEPRECATED_OBJC_IMPLEMENTATIONS = YES;
				CLANG_WARN_DIRECT_OBJC_ISA_USAGE = YES_ERROR;
				CLANG_WARN_DOCUMENTATION_COMMENTS = YES;
				CLANG_WARN_EMPTY_BODY = YES;
				CLANG_WARN_ENUM_CONVERSION = YES;
				CLANG_WARN_INFINITE_RECURSION = YES;
				CLANG_WARN_INT_CONVERSION = YES;
				CLANG_WARN_NON_LITERAL_NULL_CONVERSION = YES;
				CLANG_WARN_OBJC_IMPLICIT_RETAIN_SELF = YES;
				CLANG_WARN_OBJC_LITERAL_CONVERSION = YES;
				CLANG_WARN_OBJC_ROOT_CLASS = YES_ERROR;
				CLANG_WARN_QUOTED_INCLUDE_IN_FRAMEWORK_HEADER = YES;
				CLANG_WARN_RANGE_LOOP_ANALYSIS = YES;
				CLANG_WARN_STRICT_PROTOTYPES = YES;
				CLANG_WARN_SUSPICIOUS_MOVE = YES;
				CLANG_WARN_UNGUARDED_AVAILABILITY = YES_AGGRESSIVE;
				CLANG_WARN_UNREACHABLE_CODE = YES;
				CLANG_WARN__DUPLICATE_METHOD_MATCH = YES;
				COPY_PHASE_STRIP = NO;
				DEBUG_INFORMATION_FORMAT = dwarf;
				ENABLE_STRICT_OBJC_MSGSEND = YES;
				ENABLE_TESTABILITY = YES;
				ENABLE_USER_SCRIPT_SANDBOXING = YES;
				GCC_C_LANGUAGE_STANDARD = gnu17;
				GCC_DYNAMIC_NO_PIC = NO;
				GCC_NO_COMMON_BLOCKS = YES;
				GCC_OPTIMIZATION_LEVEL = 0;
				GCC_PREPROCESSOR_DEFINITIONS = (
					"DEBUG=1",
					"$(inherited)",
				);
				GCC_WARN_64_TO_32_BIT_CONVERSION = YES;
				GCC_WARN_ABOUT_RETURN_TYPE = YES_ERROR;
				GCC_WARN_UNDECLARED_SELECTOR = YES;
				GCC_WARN_UNINITIALIZED_AUTOS = YES_AGGRESSIVE;
				GCC_WARN_UNUSED_FUNCTION = YES;
				GCC_WARN_UNUSED_VARIABLE = YES;
				LOCALIZATION_PREFERS_STRING_CATALOGS = YES;
				MACOSX_DEPLOYMENT_TARGET = 14.0;
				MTL_ENABLE_DEBUG_INFO = INCLUDE_SOURCE;
				MTL_FAST_MATH = YES;
				ONLY_ACTIVE_ARCH = YES;
				SDKROOT = macosx;
				SWIFT_ACTIVE_COMPILATION_CONDITIONS = "RNNOISE_C DEBUG $(inherited)";
				SWIFT_OPTIMIZATION_LEVEL = "-Onone";
			};
			name = Debug;
		};
		7FCA46BA2F3D39570045FEBD /* Release */ = {
			isa = XCBuildConfiguration;
			buildSettings = {
				ALWAYS_SEARCH_USER_PATHS = NO;
				ASSETCATALOG_COMPILER_GENERATE_SWIFT_ASSET_SYMBOL_EXTENSIONS = YES;
				CLANG_ANALYZER_NONNULL = YES;
				CLANG_ANALYZER_NUMBER_OBJECT_CONVERSION = YES_AGGRESSIVE;
				CLANG_CXX_LANGUAGE_STANDARD = "gnu++20";
				CLANG_ENABLE_MODULES = YES;
				CLANG_ENABLE_OBJC_ARC = YES;
				CLANG_ENABLE_OBJC_WEAK = YES;
				CLANG_WARN_BLOCK_CAPTURE_AUTORELEASING = YES;
				CLANG_WARN_BOOL_CONVERSION = YES;
				CLANG_WARN_COMMA = YES;
				CLANG_WARN_CONSTANT_CONVERSION = YES;
				CLANG_WARN_DEPRECATED_OBJC_IMPLEMENTATIONS = YES;
				CLANG_WARN_DIRECT_OBJC_ISA_USAGE = YES_ERROR;
				CLANG_WARN_DOCUMENTATION_COMMENTS = YES;
				CLANG_WARN_EMPTY_BODY = YES;
				CLANG_WARN_ENUM_CONVERSION = YES;
				CLANG_WARN_INFINITE_RECURSION = YES;
				CLANG_WARN_INT_CONVERSION = YES;
				CLANG_WARN_NON_LITERAL_NULL_CONVERSION = YES;
				CLANG_WARN_OBJC_IMPLICIT_RETAIN_SELF = YES;
				CLANG_WARN_OBJC_LITERAL_CONVERSION = YES;
				CLANG_WARN_OBJC_ROOT_CLASS = YES_ERROR;
				CLANG_WARN_QUOTED_INCLUDE_IN_FRAMEWORK_HEADER = YES;
				CLANG_WARN_RANGE_LOOP_ANALYSIS = YES;
				CLANG_WARN_STRICT_PROTOTYPES = YES;
				CLANG_WARN_SUSPICIOUS_MOVE = YES;
				CLANG_WARN_UNGUARDED_AVAILABILITY = YES_AGGRESSIVE;
				CLANG_WARN_UNREACHABLE_CODE = YES;
				CLANG_WARN__DUPLICATE_METHOD_MATCH = YES;
				COPY_PHASE_STRIP = NO;
				DEBUG_INFORMATION_FORMAT = "dwarf-with-dsym";
				ENABLE_NS_ASSERTIONS = NO;
				ENABLE_STRICT_OBJC_MSGSEND = YES;
				ENABLE_USER_SCRIPT_SANDBOXING = YES;
				GCC_C_LANGUAGE_STANDARD = gnu17;
				GCC_NO_COMMON_BLOCKS = YES;
				GCC_WARN_64_TO_32_BIT_CONVERSION = YES;
				GCC_WARN_ABOUT_RETURN_TYPE = YES_ERROR;
				GCC_WARN_UNDECLARED_SELECTOR = YES;
				GCC_WARN_UNINITIALIZED_AUTOS = YES_AGGRESSIVE;
				GCC_WARN_UNUSED_FUNCTION = YES;
				GCC_WARN_UNUSED_VARIABLE = YES;
				LOCALIZATION_PREFERS_STRING_CATALOGS = YES;
				MACOSX_DEPLOYMENT_TARGET = 15.0;
				MTL_ENABLE_DEBUG_INFO = NO;
				MTL_FAST_MATH = YES;
				SDKROOT = macosx;
				SWIFT_COMPILATION_MODE = wholemodule;
			};
			name = Release;
		};
		7FCA46BC2F3D39570045FEBD /* Debug */ = {
			isa = XCBuildConfiguration;
			buildSettings = {
				ASSETCATALOG_COMPILER_APPICON_NAME = AppIcon;
				ASSETCATALOG_COMPILER_GLOBAL_ACCENT_COLOR_NAME = AccentColor;
				CODE_SIGN_ENTITLEMENTS = "Kenwood control/Kenwood control.entitlements";
				CODE_SIGN_STYLE = Automatic;
				COMBINE_HIDPI_IMAGES = YES;
				CURRENT_PROJECT_VERSION = 1;
				ENABLE_APP_SANDBOX = YES;
				ENABLE_PREVIEWS = YES;
				ENABLE_USER_SELECTED_FILES = readonly;
					GENERATE_INFOPLIST_FILE = YES;
					INFOPLIST_FILE = "Kenwood control/Info.plist";
					INFOPLIST_KEY_CFBundleDisplayName = "TS-890 Pro";
					INFOPLIST_KEY_CFBundleName = "TS-890 Pro";
					INFOPLIST_KEY_NSHumanReadableCopyright = "";
					INFOPLIST_KEY_NSLocalNetworkUsageDescription = "TS-890 Pro connects to your TS-890S radio on your local network.";
					INFOPLIST_KEY_NSMicrophoneUsageDescription = "TS-890 Pro needs access to audio input to process RX audio.";
					LD_RUNPATH_SEARCH_PATHS = (
						"$(inherited)",
						"@executable_path/../Frameworks",
					);
				MARKETING_VERSION = 1.0;
				PRODUCT_BUNDLE_IDENTIFIER = "personal.Kenwood-control";
				PRODUCT_MODULE_NAME = Kenwood_control;
				PRODUCT_NAME = "$(TARGET_NAME)";
				REGISTER_APP_GROUPS = YES;
				STRING_CATALOG_GENERATE_SYMBOLS = YES;
				SWIFT_APPROACHABLE_CONCURRENCY = YES;
				SWIFT_DEFAULT_ACTOR_ISOLATION = MainActor;
				SWIFT_EMIT_LOC_STRINGS = YES;
				SWIFT_OBJC_BRIDGING_HEADER = "Kenwood control/BridgingHeader.h";
				SWIFT_UPCOMING_FEATURE_MEMBER_IMPORT_VISIBILITY = YES;
				SWIFT_VERSION = 5.0;
				HEADER_SEARCH_PATHS = (
					"$(PROJECT_DIR)/ThirdParty/NR",
					"$(PROJECT_DIR)/ThirdParty/rnnoise/src",
					"$(PROJECT_DIR)/ThirdParty/wdsp",
					"$(PROJECT_DIR)/ThirdParty/ft8_lib",
					"$(PROJECT_DIR)/ThirdParty/codec2/src",
					"/opt/homebrew/include",
					"$(inherited)",
				);
				OTHER_LDFLAGS = (
					"/opt/homebrew/lib/libfftw3.a",
					"$(inherited)",
				);
			};
			name = Debug;
		};
		7FCA46BD2F3D39570045FEBD /* Release */ = {
			isa = XCBuildConfiguration;
			buildSettings = {
				ASSETCATALOG_COMPILER_APPICON_NAME = AppIcon;
				ASSETCATALOG_COMPILER_GLOBAL_ACCENT_COLOR_NAME = AccentColor;
				CODE_SIGN_ENTITLEMENTS = "Kenwood control/Kenwood control.entitlements";
				CODE_SIGN_STYLE = Automatic;
				COMBINE_HIDPI_IMAGES = YES;
				CURRENT_PROJECT_VERSION = 1;
				ENABLE_APP_SANDBOX = YES;
				ENABLE_PREVIEWS = YES;
				ENABLE_USER_SELECTED_FILES = readonly;
					GENERATE_INFOPLIST_FILE = YES;
					INFOPLIST_FILE = "Kenwood control/Info.plist";
					INFOPLIST_KEY_CFBundleDisplayName = "TS-890 Pro";
					INFOPLIST_KEY_CFBundleName = "TS-890 Pro";
					INFOPLIST_KEY_NSHumanReadableCopyright = "";
					INFOPLIST_KEY_NSLocalNetworkUsageDescription = "TS-890 Pro connects to your TS-890S radio on your local network.";
					INFOPLIST_KEY_NSMicrophoneUsageDescription = "TS-890 Pro needs access to audio input to process RX audio.";
					LD_RUNPATH_SEARCH_PATHS = (
						"$(inherited)",
						"@executable_path/../Frameworks",
					);
				MARKETING_VERSION = 1.0;
				PRODUCT_BUNDLE_IDENTIFIER = "personal.Kenwood-control";
				PRODUCT_MODULE_NAME = Kenwood_control;
				PRODUCT_NAME = "$(TARGET_NAME)";
				REGISTER_APP_GROUPS = YES;
				STRING_CATALOG_GENERATE_SYMBOLS = YES;
				SWIFT_APPROACHABLE_CONCURRENCY = YES;
				SWIFT_DEFAULT_ACTOR_ISOLATION = MainActor;
				SWIFT_EMIT_LOC_STRINGS = YES;
				SWIFT_OBJC_BRIDGING_HEADER = "Kenwood control/BridgingHeader.h";
				SWIFT_UPCOMING_FEATURE_MEMBER_IMPORT_VISIBILITY = YES;
				SWIFT_VERSION = 5.0;
				HEADER_SEARCH_PATHS = (
					"$(PROJECT_DIR)/ThirdParty/NR",
					"$(PROJECT_DIR)/ThirdParty/rnnoise/src",
					"$(PROJECT_DIR)/ThirdParty/wdsp",
					"$(PROJECT_DIR)/ThirdParty/ft8_lib",
					"$(PROJECT_DIR)/ThirdParty/codec2/src",
					"/opt/homebrew/include",
					"$(inherited)",
				);
				OTHER_LDFLAGS = (
					"/opt/homebrew/lib/libfftw3.a",
					"$(inherited)",
				);
			};
			name = Release;
		};
		AABBCC082F3D39570045FEBD /* Debug */ = {
			isa = XCBuildConfiguration;
			buildSettings = {
				BUNDLE_LOADER = "$(TEST_HOST)";
				CODE_SIGN_STYLE = Automatic;
				COMBINE_HIDPI_IMAGES = YES;
				CURRENT_PROJECT_VERSION = 1;
				GENERATE_INFOPLIST_FILE = YES;
				LD_RUNPATH_SEARCH_PATHS = (
					"$(inherited)",
					"@executable_path/../Frameworks",
					"@loader_path/../Frameworks",
				);
				MACOSX_DEPLOYMENT_TARGET = 14.0;
				PRODUCT_BUNDLE_IDENTIFIER = "personal.Kenwood-control-tests";
				PRODUCT_NAME = "$(TARGET_NAME)";
				SDKROOT = macosx;
				SWIFT_APPROACHABLE_CONCURRENCY = YES;
				SWIFT_DEFAULT_ACTOR_ISOLATION = MainActor;
				SWIFT_UPCOMING_FEATURE_MEMBER_IMPORT_VISIBILITY = YES;
				SWIFT_VERSION = 5.0;
				TEST_HOST = "$(BUILT_PRODUCTS_DIR)/TS-890 Pro.app/Contents/MacOS/TS-890 Pro";
			};
			name = Debug;
		};
		AABBCC092F3D39570045FEBD /* Release */ = {
			isa = XCBuildConfiguration;
			buildSettings = {
				BUNDLE_LOADER = "$(TEST_HOST)";
				CODE_SIGN_STYLE = Automatic;
				COMBINE_HIDPI_IMAGES = YES;
				CURRENT_PROJECT_VERSION = 1;
				GENERATE_INFOPLIST_FILE = YES;
				LD_RUNPATH_SEARCH_PATHS = (
					"$(inherited)",
					"@executable_path/../Frameworks",
					"@loader_path/../Frameworks",
				);
				MACOSX_DEPLOYMENT_TARGET = 14.0;
				PRODUCT_BUNDLE_IDENTIFIER = "personal.Kenwood-control-tests";
				PRODUCT_NAME = "$(TARGET_NAME)";
				SDKROOT = macosx;
				SWIFT_APPROACHABLE_CONCURRENCY = YES;
				SWIFT_DEFAULT_ACTOR_ISOLATION = MainActor;
				SWIFT_UPCOMING_FEATURE_MEMBER_IMPORT_VISIBILITY = YES;
				SWIFT_VERSION = 5.0;
				TEST_HOST = "$(BUILT_PRODUCTS_DIR)/TS-890 Pro.app/Contents/MacOS/TS-890 Pro";
			};
			name = Release;
		};
		CCDDEE082F3D39570045FEBD /* Debug */ = {
			isa = XCBuildConfiguration;
			buildSettings = {
				CODE_SIGN_STYLE = Automatic;
				COMBINE_HIDPI_IMAGES = YES;
				CURRENT_PROJECT_VERSION = 1;
				GENERATE_INFOPLIST_FILE = YES;
				LD_RUNPATH_SEARCH_PATHS = (
					"$(inherited)",
					"@executable_path/../Frameworks",
					"@loader_path/../Frameworks",
				);
				MACOSX_DEPLOYMENT_TARGET = 14.0;
				PRODUCT_BUNDLE_IDENTIFIER = "personal.Kenwood-control-uitests";
				PRODUCT_NAME = "$(TARGET_NAME)";
				SDKROOT = macosx;
				SWIFT_APPROACHABLE_CONCURRENCY = YES;
				SWIFT_DEFAULT_ACTOR_ISOLATION = MainActor;
				SWIFT_UPCOMING_FEATURE_MEMBER_IMPORT_VISIBILITY = YES;
				SWIFT_VERSION = 5.0;
				TEST_TARGET_NAME = "TS-890 Pro";
			};
			name = Debug;
		};
		CCDDEE092F3D39570045FEBD /* Release */ = {
			isa = XCBuildConfiguration;
			buildSettings = {
				CODE_SIGN_STYLE = Automatic;
				COMBINE_HIDPI_IMAGES = YES;
				CURRENT_PROJECT_VERSION = 1;
				GENERATE_INFOPLIST_FILE = YES;
				LD_RUNPATH_SEARCH_PATHS = (
					"$(inherited)",
					"@executable_path/../Frameworks",
					"@loader_path/../Frameworks",
				);
				MACOSX_DEPLOYMENT_TARGET = 14.0;
				PRODUCT_BUNDLE_IDENTIFIER = "personal.Kenwood-control-uitests";
				PRODUCT_NAME = "$(TARGET_NAME)";
				SDKROOT = macosx;
				SWIFT_APPROACHABLE_CONCURRENCY = YES;
				SWIFT_DEFAULT_ACTOR_ISOLATION = MainActor;
				SWIFT_UPCOMING_FEATURE_MEMBER_IMPORT_VISIBILITY = YES;
				SWIFT_VERSION = 5.0;
				TEST_TARGET_NAME = "TS-890 Pro";
			};
			name = Release;
		};
/* End XCBuildConfiguration section */

/* Begin XCConfigurationList section */
		7FCA46AB2F3D39560045FEBD /* Build configuration list for PBXProject "Kenwood control" */ = {
			isa = XCConfigurationList;
			buildConfigurations = (
				7FCA46B92F3D39570045FEBD /* Debug */,
				7FCA46BA2F3D39570045FEBD /* Release */,
			);
			defaultConfigurationIsVisible = 0;
			defaultConfigurationName = Release;
		};
		7FCA46BB2F3D39570045FEBD /* Build configuration list for PBXNativeTarget "Kenwood control" */ = {
			isa = XCConfigurationList;
			buildConfigurations = (
				7FCA46BC2F3D39570045FEBD /* Debug */,
				7FCA46BD2F3D39570045FEBD /* Release */,
			);
			defaultConfigurationIsVisible = 0;
			defaultConfigurationName = Release;
		};
		AABBCC0A2F3D39570045FEBD /* Build configuration list for PBXNativeTarget "Kenwood controlTests" */ = {
			isa = XCConfigurationList;
			buildConfigurations = (
				AABBCC082F3D39570045FEBD /* Debug */,
				AABBCC092F3D39570045FEBD /* Release */,
			);
			defaultConfigurationIsVisible = 0;
			defaultConfigurationName = Release;
		};
		CCDDEE0A2F3D39570045FEBD /* Build configuration list for PBXNativeTarget "Kenwood controlUITests" */ = {
			isa = XCConfigurationList;
			buildConfigurations = (
				CCDDEE082F3D39570045FEBD /* Debug */,
				CCDDEE092F3D39570045FEBD /* Release */,
			);
			defaultConfigurationIsVisible = 0;
			defaultConfigurationName = Release;
		};
/* End XCConfigurationList section */
	};
	rootObject = 7FCA46A82F3D39560045FEBD /* Project object */;
}
